
Microsoft Visual Studio Solution File, Format Version 12.00
# Visual Studio 15
VisualStudioVersion = 15.0.28307.421
MinimumVisualStudioVersion = 10.0.40219.1
Project("{FAE04EC0-301F-11D3-BF4B-00C04F79EFBC}") = "GetTheFoodAlready", "GetTheFoodAlready\GetTheFoodAlready.csproj", "{D5E2A985-30BB-432C-ADE3-AFC798CF232A}"
EndProject
Global
	GlobalSection(SolutionConfigurationPlatforms) = preSolution
		Debug|Any CPU = Debug|Any CPU
		Release|Any CPU = Release|Any CPU
	EndGlobalSection
	GlobalSection(ProjectConfigurationPlatforms) = postSolution
		{D5E2A985-30BB-432C-ADE3-AFC798CF232A}.Debug|Any CPU.ActiveCfg = Debug|Any CPU
		{D5E2A985-30BB-432C-ADE3-AFC798CF232A}.Debug|Any CPU.Build.0 = Debug|Any CPU
		{D5E2A985-30BB-432C-ADE3-AFC798CF232A}.Release|Any CPU.ActiveCfg = Release|Any CPU
		{D5E2A985-30BB-432C-ADE3-AFC798CF232A}.Release|Any CPU.Build.0 = Release|Any CPU
	EndGlobalSection
	GlobalSection(SolutionProperties) = preSolution
		HideSolutionNode = FALSE
	EndGlobalSection
	GlobalSection(ExtensibilityGlobals) = postSolution
		SolutionGuid = {674EA251-C38E-4C8B-808A-68CEFB5A5C66}
	EndGlobalSection
EndGlobal
